
Microsoft Visual Studio Solution File, Format Version 12.00
# Visual Studio Version 16
VisualStudioVersion = 16.0.30803.129
MinimumVisualStudioVersion = 10.0.40219.1
Project("{2150E333-8FDC-42A3-9474-1A3956D46DE8}") = "Core", "Core", "{22E915C1-51AF-4F31-9900-617CE6D04CC3}"
EndProject
Project("{2150E333-8FDC-42A3-9474-1A3956D46DE8}") = "Mods", "Mods", "{D71BA92B-27FA-41AF-A395-0EB1CEA9EA37}"
EndProject
Project("{2150E333-8FDC-42A3-9474-1A3956D46DE8}") = "Solution Files", "Solution Files", "{790EACD8-22EA-426E-AD3F-D087CED5A345}"
	ProjectSection(SolutionItems) = preProject
		FodyWeavers.xml = FodyWeavers.xml
		FodyWeavers.xsd = FodyWeavers.xsd
		README.md = README.md
	EndProjectSection
EndProject
Project("{9A19103F-16F7-4668-BE54-9A1E7A4F7556}") = "VintageMods.Mods.Sandbox", "VintageMods.Mods.Sandbox\VintageMods.Mods.Sandbox.csproj", "{B7B664BE-F550-4D97-B6D5-90F5CF9AA63A}"
EndProject
Project("{9A19103F-16F7-4668-BE54-9A1E7A4F7556}") = "VintageMods.Mods.EnvironmentalTweaks", "VintageMods.Mods.EnvironmentalTweaks\VintageMods.Mods.EnvironmentalTweaks.csproj", "{37D8D74B-5B8C-4745-96F1-9B64F633ED9E}"
EndProject
Project("{9A19103F-16F7-4668-BE54-9A1E7A4F7556}") = "VintageMods.Mods.WaypointExtensions", "VintageMods.Mods.WaypointExtensions\VintageMods.Mods.WaypointExtensions.csproj", "{431650E1-78BD-4FE9-A0A8-2668023DA374}"
EndProject
Project("{9A19103F-16F7-4668-BE54-9A1E7A4F7556}") = "VintageMods.Mods.CinematicCamStudio", "VintageMods.Mods.CinematicCamStudio\VintageMods.Mods.CinematicCamStudio.csproj", "{DDA4C852-DAE1-40FA-A2BF-A3458F1B8894}"
EndProject
Project("{9A19103F-16F7-4668-BE54-9A1E7A4F7556}") = "VintageMods.Mods.MinimalMapping", "VintageMods.Mods.MinimalMapping\VintageMods.Mods.MinimalMapping.csproj", "{06E4D4CE-8A00-4BC6-8EB8-5ACFC424C689}"
EndProject
Project("{9A19103F-16F7-4668-BE54-9A1E7A4F7556}") = "VintageMods.Mods.Wanda", "VintageMods.Mods.Wanda\VintageMods.Mods.Wanda.csproj", "{9EAB3CDB-8958-4420-93F0-A9B900E70313}"
EndProject
Project("{9A19103F-16F7-4668-BE54-9A1E7A4F7556}") = "VintageMods.Mods.CampaignCartographer", "VintageMods.Mods.CampaignCartographer\VintageMods.Mods.CampaignCartographer.csproj", "{376154E4-8846-4F53-AD0C-C3696B338E55}"
EndProject
Project("{2150E333-8FDC-42A3-9474-1A3956D46DE8}") = "Solution Items", "Solution Items", "{77C14A47-AE4F-413C-B059-592543EB29E1}"
	ProjectSection(SolutionItems) = preProject
		.editorconfig = .editorconfig
		LICENCE.md = LICENCE.md
	EndProjectSection
EndProject
Project("{9A19103F-16F7-4668-BE54-9A1E7A4F7556}") = "VintageMods.Core.Contracts", "VintageMods.Core.Contracts\VintageMods.Core.Contracts.csproj", "{4C344973-CB88-4DF5-BA07-DC209DB49935}"
EndProject
Project("{9A19103F-16F7-4668-BE54-9A1E7A4F7556}") = "VintageMods.Core.Client", "VintageMods.Core.Client\VintageMods.Core.Client.csproj", "{30136C61-3A2A-4955-8F8D-E490A7787655}"
EndProject
Project("{9A19103F-16F7-4668-BE54-9A1E7A4F7556}") = "VintageMods.Core.Common", "VintageMods.Core.Common\VintageMods.Core.Common.csproj", "{81787C25-F06B-4FF0-97E0-E16931E7DA9A}"
EndProject
Project("{9A19103F-16F7-4668-BE54-9A1E7A4F7556}") = "VintageMods.Core.FileIO", "VintageMods.Core.FileIO\VintageMods.Core.FileIO.csproj", "{7743FB14-6ED1-46BB-A816-29D3B0852F2D}"
EndProject
Project("{9A19103F-16F7-4668-BE54-9A1E7A4F7556}") = "VintageMods.Core.FluentChat", "VintageMods.Core.FluentChat\VintageMods.Core.FluentChat.csproj", "{35CB4498-ABDF-4152-89FA-21BBC7C66ACA}"
EndProject
Project("{9A19103F-16F7-4668-BE54-9A1E7A4F7556}") = "VintageMods.Core.Legacy", "VintageMods.Core.Legacy\VintageMods.Core.Legacy.csproj", "{73680909-CC8E-4CC3-96E3-CBFA5E3D032A}"
EndProject
Project("{9A19103F-16F7-4668-BE54-9A1E7A4F7556}") = "VintageMods.Core.MemoryAdaptor", "VintageMods.Core.MemoryAdaptor\VintageMods.Core.MemoryAdaptor.csproj", "{1B384643-3FC9-4FB0-923C-314ECEDFBE4B}"
EndProject
Project("{9A19103F-16F7-4668-BE54-9A1E7A4F7556}") = "VintageMods.Core.Maths", "VintageMods.Core.Maths\VintageMods.Core.Maths.csproj", "{244C4917-7166-43AD-B070-08E2D93184F0}"
EndProject
Project("{9A19103F-16F7-4668-BE54-9A1E7A4F7556}") = "VintageMods.Core.Server", "VintageMods.Core.Server\VintageMods.Core.Server.csproj", "{CBA5762B-D00D-45AB-A9A9-55A26A33A025}"
EndProject
Project("{9A19103F-16F7-4668-BE54-9A1E7A4F7556}") = "VintageMods.Core.Threading", "VintageMods.Core.Threading\VintageMods.Core.Threading.csproj", "{89D3D63B-754C-4AB1-86C1-EB70E4E8545F}"
EndProject
Project("{9A19103F-16F7-4668-BE54-9A1E7A4F7556}") = "VintageMods.Core.SQLite", "VintageMods.Core.SQLite\VintageMods.Core.SQLite.csproj", "{B25E2834-7DBD-417B-8584-E055F65DAC33}"
EndProject
Project("{2150E333-8FDC-42A3-9474-1A3956D46DE8}") = "Tools", "Tools", "{1B89572E-5A97-49B9-A03D-5C8FE736A6C4}"
EndProject
Project("{9A19103F-16F7-4668-BE54-9A1E7A4F7556}") = "VintageMods.Tools.ModPackager", "VintageMods.Tools.ModPackager\VintageMods.Tools.ModPackager.csproj", "{F484738F-4A24-418A-BAED-4F496A33EB70}"
EndProject
Project("{9A19103F-16F7-4668-BE54-9A1E7A4F7556}") = "VintageMods.Core.UI", "VintageMods.Core.UI\VintageMods.Core.UI.csproj", "{FE7F5EC6-5C78-44B2-9FA0-52358BF131D7}"
EndProject
Project("{9A19103F-16F7-4668-BE54-9A1E7A4F7556}") = "VintageMods.Mods.ChaosMod", "VintageMods.Mods.ChaosMod\VintageMods.Mods.ChaosMod.csproj", "{EE1868F2-6A14-41E7-9FD0-8D396773159F}"
EndProject
Project("{FAE04EC0-301F-11D3-BF4B-00C04F79EFBC}") = "VintageMods.Tools.AttachDebugger", "VintageMods.Tools.AttachDebugger\VintageMods.Tools.AttachDebugger.csproj", "{83F31113-42AF-4DFB-947B-A4F78E93A083}"
EndProject
Global
	GlobalSection(SolutionConfigurationPlatforms) = preSolution
		Debug + Flatworld|Any CPU = Debug + Flatworld|Any CPU
		Debug|Any CPU = Debug|Any CPU
		FastBuild|Any CPU = FastBuild|Any CPU
		Release|Any CPU = Release|Any CPU
	EndGlobalSection
	GlobalSection(ProjectConfigurationPlatforms) = postSolution
		{B7B664BE-F550-4D97-B6D5-90F5CF9AA63A}.Debug + Flatworld|Any CPU.ActiveCfg = Debug|Any CPU
		{B7B664BE-F550-4D97-B6D5-90F5CF9AA63A}.Debug + Flatworld|Any CPU.Build.0 = Debug|Any CPU
		{B7B664BE-F550-4D97-B6D5-90F5CF9AA63A}.Debug|Any CPU.ActiveCfg = Debug|Any CPU
		{B7B664BE-F550-4D97-B6D5-90F5CF9AA63A}.Debug|Any CPU.Build.0 = Debug|Any CPU
		{B7B664BE-F550-4D97-B6D5-90F5CF9AA63A}.FastBuild|Any CPU.ActiveCfg = Debug|Any CPU
		{B7B664BE-F550-4D97-B6D5-90F5CF9AA63A}.FastBuild|Any CPU.Build.0 = Debug|Any CPU
		{B7B664BE-F550-4D97-B6D5-90F5CF9AA63A}.Release|Any CPU.ActiveCfg = Release|Any CPU
		{B7B664BE-F550-4D97-B6D5-90F5CF9AA63A}.Release|Any CPU.Build.0 = Release|Any CPU
		{37D8D74B-5B8C-4745-96F1-9B64F633ED9E}.Debug + Flatworld|Any CPU.ActiveCfg = Debug|Any CPU
		{37D8D74B-5B8C-4745-96F1-9B64F633ED9E}.Debug + Flatworld|Any CPU.Build.0 = Debug|Any CPU
		{37D8D74B-5B8C-4745-96F1-9B64F633ED9E}.Debug|Any CPU.ActiveCfg = Debug|Any CPU
		{37D8D74B-5B8C-4745-96F1-9B64F633ED9E}.Debug|Any CPU.Build.0 = Debug|Any CPU
		{37D8D74B-5B8C-4745-96F1-9B64F633ED9E}.FastBuild|Any CPU.ActiveCfg = Debug|Any CPU
		{37D8D74B-5B8C-4745-96F1-9B64F633ED9E}.FastBuild|Any CPU.Build.0 = Debug|Any CPU
		{37D8D74B-5B8C-4745-96F1-9B64F633ED9E}.Release|Any CPU.ActiveCfg = Release|Any CPU
		{37D8D74B-5B8C-4745-96F1-9B64F633ED9E}.Release|Any CPU.Build.0 = Release|Any CPU
		{431650E1-78BD-4FE9-A0A8-2668023DA374}.Debug + Flatworld|Any CPU.ActiveCfg = Debug|Any CPU
		{431650E1-78BD-4FE9-A0A8-2668023DA374}.Debug + Flatworld|Any CPU.Build.0 = Debug|Any CPU
		{431650E1-78BD-4FE9-A0A8-2668023DA374}.Debug|Any CPU.ActiveCfg = Debug|Any CPU
		{431650E1-78BD-4FE9-A0A8-2668023DA374}.Debug|Any CPU.Build.0 = Debug|Any CPU
		{431650E1-78BD-4FE9-A0A8-2668023DA374}.FastBuild|Any CPU.ActiveCfg = Debug|Any CPU
		{431650E1-78BD-4FE9-A0A8-2668023DA374}.FastBuild|Any CPU.Build.0 = Debug|Any CPU
		{431650E1-78BD-4FE9-A0A8-2668023DA374}.Release|Any CPU.ActiveCfg = Release|Any CPU
		{431650E1-78BD-4FE9-A0A8-2668023DA374}.Release|Any CPU.Build.0 = Release|Any CPU
		{DDA4C852-DAE1-40FA-A2BF-A3458F1B8894}.Debug + Flatworld|Any CPU.ActiveCfg = Debug|Any CPU
		{DDA4C852-DAE1-40FA-A2BF-A3458F1B8894}.Debug + Flatworld|Any CPU.Build.0 = Debug|Any CPU
		{DDA4C852-DAE1-40FA-A2BF-A3458F1B8894}.Debug|Any CPU.ActiveCfg = Debug|Any CPU
		{DDA4C852-DAE1-40FA-A2BF-A3458F1B8894}.Debug|Any CPU.Build.0 = Debug|Any CPU
		{DDA4C852-DAE1-40FA-A2BF-A3458F1B8894}.FastBuild|Any CPU.ActiveCfg = Debug|Any CPU
		{DDA4C852-DAE1-40FA-A2BF-A3458F1B8894}.FastBuild|Any CPU.Build.0 = Debug|Any CPU
		{DDA4C852-DAE1-40FA-A2BF-A3458F1B8894}.Release|Any CPU.ActiveCfg = Release|Any CPU
		{DDA4C852-DAE1-40FA-A2BF-A3458F1B8894}.Release|Any CPU.Build.0 = Release|Any CPU
		{06E4D4CE-8A00-4BC6-8EB8-5ACFC424C689}.Debug + Flatworld|Any CPU.ActiveCfg = Debug|Any CPU
		{06E4D4CE-8A00-4BC6-8EB8-5ACFC424C689}.Debug + Flatworld|Any CPU.Build.0 = Debug|Any CPU
		{06E4D4CE-8A00-4BC6-8EB8-5ACFC424C689}.Debug|Any CPU.ActiveCfg = Debug|Any CPU
		{06E4D4CE-8A00-4BC6-8EB8-5ACFC424C689}.Debug|Any CPU.Build.0 = Debug|Any CPU
		{06E4D4CE-8A00-4BC6-8EB8-5ACFC424C689}.FastBuild|Any CPU.ActiveCfg = Debug|Any CPU
		{06E4D4CE-8A00-4BC6-8EB8-5ACFC424C689}.FastBuild|Any CPU.Build.0 = Debug|Any CPU
		{06E4D4CE-8A00-4BC6-8EB8-5ACFC424C689}.Release|Any CPU.ActiveCfg = Release|Any CPU
		{06E4D4CE-8A00-4BC6-8EB8-5ACFC424C689}.Release|Any CPU.Build.0 = Release|Any CPU
		{9EAB3CDB-8958-4420-93F0-A9B900E70313}.Debug + Flatworld|Any CPU.ActiveCfg = Debug|Any CPU
		{9EAB3CDB-8958-4420-93F0-A9B900E70313}.Debug + Flatworld|Any CPU.Build.0 = Debug|Any CPU
		{9EAB3CDB-8958-4420-93F0-A9B900E70313}.Debug|Any CPU.ActiveCfg = Debug|Any CPU
		{9EAB3CDB-8958-4420-93F0-A9B900E70313}.Debug|Any CPU.Build.0 = Debug|Any CPU
		{9EAB3CDB-8958-4420-93F0-A9B900E70313}.FastBuild|Any CPU.ActiveCfg = Debug|Any CPU
		{9EAB3CDB-8958-4420-93F0-A9B900E70313}.FastBuild|Any CPU.Build.0 = Debug|Any CPU
		{9EAB3CDB-8958-4420-93F0-A9B900E70313}.Release|Any CPU.ActiveCfg = Release|Any CPU
		{9EAB3CDB-8958-4420-93F0-A9B900E70313}.Release|Any CPU.Build.0 = Release|Any CPU
		{376154E4-8846-4F53-AD0C-C3696B338E55}.Debug + Flatworld|Any CPU.ActiveCfg = Debug|Any CPU
		{376154E4-8846-4F53-AD0C-C3696B338E55}.Debug + Flatworld|Any CPU.Build.0 = Debug|Any CPU
		{376154E4-8846-4F53-AD0C-C3696B338E55}.Debug|Any CPU.ActiveCfg = Debug|Any CPU
		{376154E4-8846-4F53-AD0C-C3696B338E55}.Debug|Any CPU.Build.0 = Debug|Any CPU
		{376154E4-8846-4F53-AD0C-C3696B338E55}.FastBuild|Any CPU.ActiveCfg = Debug|Any CPU
		{376154E4-8846-4F53-AD0C-C3696B338E55}.FastBuild|Any CPU.Build.0 = Debug|Any CPU
		{376154E4-8846-4F53-AD0C-C3696B338E55}.Release|Any CPU.ActiveCfg = Release|Any CPU
		{376154E4-8846-4F53-AD0C-C3696B338E55}.Release|Any CPU.Build.0 = Release|Any CPU
		{4C344973-CB88-4DF5-BA07-DC209DB49935}.Debug + Flatworld|Any CPU.ActiveCfg = Debug|Any CPU
		{4C344973-CB88-4DF5-BA07-DC209DB49935}.Debug + Flatworld|Any CPU.Build.0 = Debug|Any CPU
		{4C344973-CB88-4DF5-BA07-DC209DB49935}.Debug|Any CPU.ActiveCfg = Debug|Any CPU
		{4C344973-CB88-4DF5-BA07-DC209DB49935}.Debug|Any CPU.Build.0 = Debug|Any CPU
		{4C344973-CB88-4DF5-BA07-DC209DB49935}.FastBuild|Any CPU.ActiveCfg = Debug|Any CPU
		{4C344973-CB88-4DF5-BA07-DC209DB49935}.FastBuild|Any CPU.Build.0 = Debug|Any CPU
		{4C344973-CB88-4DF5-BA07-DC209DB49935}.Release|Any CPU.ActiveCfg = Release|Any CPU
		{4C344973-CB88-4DF5-BA07-DC209DB49935}.Release|Any CPU.Build.0 = Release|Any CPU
		{30136C61-3A2A-4955-8F8D-E490A7787655}.Debug + Flatworld|Any CPU.ActiveCfg = Debug|Any CPU
		{30136C61-3A2A-4955-8F8D-E490A7787655}.Debug + Flatworld|Any CPU.Build.0 = Debug|Any CPU
		{30136C61-3A2A-4955-8F8D-E490A7787655}.Debug|Any CPU.ActiveCfg = Debug|Any CPU
		{30136C61-3A2A-4955-8F8D-E490A7787655}.Debug|Any CPU.Build.0 = Debug|Any CPU
		{30136C61-3A2A-4955-8F8D-E490A7787655}.FastBuild|Any CPU.ActiveCfg = Debug|Any CPU
		{30136C61-3A2A-4955-8F8D-E490A7787655}.FastBuild|Any CPU.Build.0 = Debug|Any CPU
		{30136C61-3A2A-4955-8F8D-E490A7787655}.Release|Any CPU.ActiveCfg = Release|Any CPU
		{30136C61-3A2A-4955-8F8D-E490A7787655}.Release|Any CPU.Build.0 = Release|Any CPU
		{81787C25-F06B-4FF0-97E0-E16931E7DA9A}.Debug + Flatworld|Any CPU.ActiveCfg = Debug|Any CPU
		{81787C25-F06B-4FF0-97E0-E16931E7DA9A}.Debug + Flatworld|Any CPU.Build.0 = Debug|Any CPU
		{81787C25-F06B-4FF0-97E0-E16931E7DA9A}.Debug|Any CPU.ActiveCfg = Debug|Any CPU
		{81787C25-F06B-4FF0-97E0-E16931E7DA9A}.Debug|Any CPU.Build.0 = Debug|Any CPU
		{81787C25-F06B-4FF0-97E0-E16931E7DA9A}.FastBuild|Any CPU.ActiveCfg = Debug|Any CPU
		{81787C25-F06B-4FF0-97E0-E16931E7DA9A}.FastBuild|Any CPU.Build.0 = Debug|Any CPU
		{81787C25-F06B-4FF0-97E0-E16931E7DA9A}.Release|Any CPU.ActiveCfg = Release|Any CPU
		{81787C25-F06B-4FF0-97E0-E16931E7DA9A}.Release|Any CPU.Build.0 = Release|Any CPU
		{7743FB14-6ED1-46BB-A816-29D3B0852F2D}.Debug + Flatworld|Any CPU.ActiveCfg = Debug|Any CPU
		{7743FB14-6ED1-46BB-A816-29D3B0852F2D}.Debug + Flatworld|Any CPU.Build.0 = Debug|Any CPU
		{7743FB14-6ED1-46BB-A816-29D3B0852F2D}.Debug|Any CPU.ActiveCfg = Debug|Any CPU
		{7743FB14-6ED1-46BB-A816-29D3B0852F2D}.Debug|Any CPU.Build.0 = Debug|Any CPU
		{7743FB14-6ED1-46BB-A816-29D3B0852F2D}.FastBuild|Any CPU.ActiveCfg = Debug|Any CPU
		{7743FB14-6ED1-46BB-A816-29D3B0852F2D}.FastBuild|Any CPU.Build.0 = Debug|Any CPU
		{7743FB14-6ED1-46BB-A816-29D3B0852F2D}.Release|Any CPU.ActiveCfg = Release|Any CPU
		{7743FB14-6ED1-46BB-A816-29D3B0852F2D}.Release|Any CPU.Build.0 = Release|Any CPU
		{35CB4498-ABDF-4152-89FA-21BBC7C66ACA}.Debug + Flatworld|Any CPU.ActiveCfg = Debug|Any CPU
		{35CB4498-ABDF-4152-89FA-21BBC7C66ACA}.Debug + Flatworld|Any CPU.Build.0 = Debug|Any CPU
		{35CB4498-ABDF-4152-89FA-21BBC7C66ACA}.Debug|Any CPU.ActiveCfg = Debug|Any CPU
		{35CB4498-ABDF-4152-89FA-21BBC7C66ACA}.Debug|Any CPU.Build.0 = Debug|Any CPU
		{35CB4498-ABDF-4152-89FA-21BBC7C66ACA}.FastBuild|Any CPU.ActiveCfg = Debug|Any CPU
		{35CB4498-ABDF-4152-89FA-21BBC7C66ACA}.FastBuild|Any CPU.Build.0 = Debug|Any CPU
		{35CB4498-ABDF-4152-89FA-21BBC7C66ACA}.Release|Any CPU.ActiveCfg = Release|Any CPU
		{35CB4498-ABDF-4152-89FA-21BBC7C66ACA}.Release|Any CPU.Build.0 = Release|Any CPU
		{73680909-CC8E-4CC3-96E3-CBFA5E3D032A}.Debug + Flatworld|Any CPU.ActiveCfg = Debug|Any CPU
		{73680909-CC8E-4CC3-96E3-CBFA5E3D032A}.Debug + Flatworld|Any CPU.Build.0 = Debug|Any CPU
		{73680909-CC8E-4CC3-96E3-CBFA5E3D032A}.Debug|Any CPU.ActiveCfg = Debug|Any CPU
		{73680909-CC8E-4CC3-96E3-CBFA5E3D032A}.Debug|Any CPU.Build.0 = Debug|Any CPU
		{73680909-CC8E-4CC3-96E3-CBFA5E3D032A}.FastBuild|Any CPU.ActiveCfg = Debug|Any CPU
		{73680909-CC8E-4CC3-96E3-CBFA5E3D032A}.FastBuild|Any CPU.Build.0 = Debug|Any CPU
		{73680909-CC8E-4CC3-96E3-CBFA5E3D032A}.Release|Any CPU.ActiveCfg = Release|Any CPU
		{73680909-CC8E-4CC3-96E3-CBFA5E3D032A}.Release|Any CPU.Build.0 = Release|Any CPU
		{1B384643-3FC9-4FB0-923C-314ECEDFBE4B}.Debug + Flatworld|Any CPU.ActiveCfg = Debug|Any CPU
		{1B384643-3FC9-4FB0-923C-314ECEDFBE4B}.Debug + Flatworld|Any CPU.Build.0 = Debug|Any CPU
		{1B384643-3FC9-4FB0-923C-314ECEDFBE4B}.Debug|Any CPU.ActiveCfg = Debug|Any CPU
		{1B384643-3FC9-4FB0-923C-314ECEDFBE4B}.Debug|Any CPU.Build.0 = Debug|Any CPU
		{1B384643-3FC9-4FB0-923C-314ECEDFBE4B}.FastBuild|Any CPU.ActiveCfg = Debug|Any CPU
		{1B384643-3FC9-4FB0-923C-314ECEDFBE4B}.FastBuild|Any CPU.Build.0 = Debug|Any CPU
		{1B384643-3FC9-4FB0-923C-314ECEDFBE4B}.Release|Any CPU.ActiveCfg = Release|Any CPU
		{1B384643-3FC9-4FB0-923C-314ECEDFBE4B}.Release|Any CPU.Build.0 = Release|Any CPU
		{244C4917-7166-43AD-B070-08E2D93184F0}.Debug + Flatworld|Any CPU.ActiveCfg = Debug|Any CPU
		{244C4917-7166-43AD-B070-08E2D93184F0}.Debug + Flatworld|Any CPU.Build.0 = Debug|Any CPU
		{244C4917-7166-43AD-B070-08E2D93184F0}.Debug|Any CPU.ActiveCfg = Debug|Any CPU
		{244C4917-7166-43AD-B070-08E2D93184F0}.Debug|Any CPU.Build.0 = Debug|Any CPU
		{244C4917-7166-43AD-B070-08E2D93184F0}.FastBuild|Any CPU.ActiveCfg = Debug|Any CPU
		{244C4917-7166-43AD-B070-08E2D93184F0}.FastBuild|Any CPU.Build.0 = Debug|Any CPU
		{244C4917-7166-43AD-B070-08E2D93184F0}.Release|Any CPU.ActiveCfg = Release|Any CPU
		{244C4917-7166-43AD-B070-08E2D93184F0}.Release|Any CPU.Build.0 = Release|Any CPU
		{CBA5762B-D00D-45AB-A9A9-55A26A33A025}.Debug + Flatworld|Any CPU.ActiveCfg = Debug|Any CPU
		{CBA5762B-D00D-45AB-A9A9-55A26A33A025}.Debug + Flatworld|Any CPU.Build.0 = Debug|Any CPU
		{CBA5762B-D00D-45AB-A9A9-55A26A33A025}.Debug|Any CPU.ActiveCfg = Debug|Any CPU
		{CBA5762B-D00D-45AB-A9A9-55A26A33A025}.Debug|Any CPU.Build.0 = Debug|Any CPU
		{CBA5762B-D00D-45AB-A9A9-55A26A33A025}.FastBuild|Any CPU.ActiveCfg = Debug|Any CPU
		{CBA5762B-D00D-45AB-A9A9-55A26A33A025}.FastBuild|Any CPU.Build.0 = Debug|Any CPU
		{CBA5762B-D00D-45AB-A9A9-55A26A33A025}.Release|Any CPU.ActiveCfg = Release|Any CPU
		{CBA5762B-D00D-45AB-A9A9-55A26A33A025}.Release|Any CPU.Build.0 = Release|Any CPU
		{89D3D63B-754C-4AB1-86C1-EB70E4E8545F}.Debug + Flatworld|Any CPU.ActiveCfg = Debug|Any CPU
		{89D3D63B-754C-4AB1-86C1-EB70E4E8545F}.Debug + Flatworld|Any CPU.Build.0 = Debug|Any CPU
		{89D3D63B-754C-4AB1-86C1-EB70E4E8545F}.Debug|Any CPU.ActiveCfg = Debug|Any CPU
		{89D3D63B-754C-4AB1-86C1-EB70E4E8545F}.Debug|Any CPU.Build.0 = Debug|Any CPU
		{89D3D63B-754C-4AB1-86C1-EB70E4E8545F}.FastBuild|Any CPU.ActiveCfg = Debug|Any CPU
		{89D3D63B-754C-4AB1-86C1-EB70E4E8545F}.FastBuild|Any CPU.Build.0 = Debug|Any CPU
		{89D3D63B-754C-4AB1-86C1-EB70E4E8545F}.Release|Any CPU.ActiveCfg = Release|Any CPU
		{89D3D63B-754C-4AB1-86C1-EB70E4E8545F}.Release|Any CPU.Build.0 = Release|Any CPU
		{B25E2834-7DBD-417B-8584-E055F65DAC33}.Debug + Flatworld|Any CPU.ActiveCfg = Debug|Any CPU
		{B25E2834-7DBD-417B-8584-E055F65DAC33}.Debug + Flatworld|Any CPU.Build.0 = Debug|Any CPU
		{B25E2834-7DBD-417B-8584-E055F65DAC33}.Debug|Any CPU.ActiveCfg = Debug|Any CPU
		{B25E2834-7DBD-417B-8584-E055F65DAC33}.Debug|Any CPU.Build.0 = Debug|Any CPU
		{B25E2834-7DBD-417B-8584-E055F65DAC33}.FastBuild|Any CPU.ActiveCfg = Debug|Any CPU
		{B25E2834-7DBD-417B-8584-E055F65DAC33}.FastBuild|Any CPU.Build.0 = Debug|Any CPU
		{B25E2834-7DBD-417B-8584-E055F65DAC33}.Release|Any CPU.ActiveCfg = Release|Any CPU
		{B25E2834-7DBD-417B-8584-E055F65DAC33}.Release|Any CPU.Build.0 = Release|Any CPU
		{F484738F-4A24-418A-BAED-4F496A33EB70}.Debug + Flatworld|Any CPU.ActiveCfg = Debug|Any CPU
		{F484738F-4A24-418A-BAED-4F496A33EB70}.Debug + Flatworld|Any CPU.Build.0 = Debug|Any CPU
		{F484738F-4A24-418A-BAED-4F496A33EB70}.Debug|Any CPU.ActiveCfg = Debug|Any CPU
		{F484738F-4A24-418A-BAED-4F496A33EB70}.Debug|Any CPU.Build.0 = Debug|Any CPU
		{F484738F-4A24-418A-BAED-4F496A33EB70}.FastBuild|Any CPU.ActiveCfg = Debug|Any CPU
		{F484738F-4A24-418A-BAED-4F496A33EB70}.FastBuild|Any CPU.Build.0 = Debug|Any CPU
		{F484738F-4A24-418A-BAED-4F496A33EB70}.Release|Any CPU.ActiveCfg = Release|Any CPU
		{F484738F-4A24-418A-BAED-4F496A33EB70}.Release|Any CPU.Build.0 = Release|Any CPU
		{FE7F5EC6-5C78-44B2-9FA0-52358BF131D7}.Debug + Flatworld|Any CPU.ActiveCfg = Debug|Any CPU
		{FE7F5EC6-5C78-44B2-9FA0-52358BF131D7}.Debug + Flatworld|Any CPU.Build.0 = Debug|Any CPU
		{FE7F5EC6-5C78-44B2-9FA0-52358BF131D7}.Debug|Any CPU.ActiveCfg = Debug|Any CPU
		{FE7F5EC6-5C78-44B2-9FA0-52358BF131D7}.Debug|Any CPU.Build.0 = Debug|Any CPU
		{FE7F5EC6-5C78-44B2-9FA0-52358BF131D7}.FastBuild|Any CPU.ActiveCfg = Debug|Any CPU
		{FE7F5EC6-5C78-44B2-9FA0-52358BF131D7}.FastBuild|Any CPU.Build.0 = Debug|Any CPU
		{FE7F5EC6-5C78-44B2-9FA0-52358BF131D7}.Release|Any CPU.ActiveCfg = Release|Any CPU
		{FE7F5EC6-5C78-44B2-9FA0-52358BF131D7}.Release|Any CPU.Build.0 = Release|Any CPU
		{EE1868F2-6A14-41E7-9FD0-8D396773159F}.Debug + Flatworld|Any CPU.ActiveCfg = Debug|Any CPU
		{EE1868F2-6A14-41E7-9FD0-8D396773159F}.Debug + Flatworld|Any CPU.Build.0 = Debug|Any CPU
		{EE1868F2-6A14-41E7-9FD0-8D396773159F}.Debug|Any CPU.ActiveCfg = Debug|Any CPU
		{EE1868F2-6A14-41E7-9FD0-8D396773159F}.Debug|Any CPU.Build.0 = Debug|Any CPU
		{EE1868F2-6A14-41E7-9FD0-8D396773159F}.FastBuild|Any CPU.ActiveCfg = Debug|Any CPU
		{EE1868F2-6A14-41E7-9FD0-8D396773159F}.FastBuild|Any CPU.Build.0 = Debug|Any CPU
		{EE1868F2-6A14-41E7-9FD0-8D396773159F}.Release|Any CPU.ActiveCfg = Release|Any CPU
		{EE1868F2-6A14-41E7-9FD0-8D396773159F}.Release|Any CPU.Build.0 = Release|Any CPU
		{83F31113-42AF-4DFB-947B-A4F78E93A083}.Debug + Flatworld|Any CPU.ActiveCfg = Debug|Any CPU
		{83F31113-42AF-4DFB-947B-A4F78E93A083}.Debug + Flatworld|Any CPU.Build.0 = Debug|Any CPU
		{83F31113-42AF-4DFB-947B-A4F78E93A083}.Debug|Any CPU.ActiveCfg = Debug|Any CPU
		{83F31113-42AF-4DFB-947B-A4F78E93A083}.Debug|Any CPU.Build.0 = Debug|Any CPU
		{83F31113-42AF-4DFB-947B-A4F78E93A083}.FastBuild|Any CPU.ActiveCfg = Debug|Any CPU
		{83F31113-42AF-4DFB-947B-A4F78E93A083}.FastBuild|Any CPU.Build.0 = Debug|Any CPU
		{83F31113-42AF-4DFB-947B-A4F78E93A083}.Release|Any CPU.ActiveCfg = Release|Any CPU
		{83F31113-42AF-4DFB-947B-A4F78E93A083}.Release|Any CPU.Build.0 = Release|Any CPU
	EndGlobalSection
	GlobalSection(SolutionProperties) = preSolution
		HideSolutionNode = FALSE
	EndGlobalSection
	GlobalSection(NestedProjects) = preSolution
		{B7B664BE-F550-4D97-B6D5-90F5CF9AA63A} = {D71BA92B-27FA-41AF-A395-0EB1CEA9EA37}
		{37D8D74B-5B8C-4745-96F1-9B64F633ED9E} = {D71BA92B-27FA-41AF-A395-0EB1CEA9EA37}
		{431650E1-78BD-4FE9-A0A8-2668023DA374} = {D71BA92B-27FA-41AF-A395-0EB1CEA9EA37}
		{DDA4C852-DAE1-40FA-A2BF-A3458F1B8894} = {D71BA92B-27FA-41AF-A395-0EB1CEA9EA37}
		{06E4D4CE-8A00-4BC6-8EB8-5ACFC424C689} = {D71BA92B-27FA-41AF-A395-0EB1CEA9EA37}
		{9EAB3CDB-8958-4420-93F0-A9B900E70313} = {D71BA92B-27FA-41AF-A395-0EB1CEA9EA37}
		{376154E4-8846-4F53-AD0C-C3696B338E55} = {D71BA92B-27FA-41AF-A395-0EB1CEA9EA37}
		{4C344973-CB88-4DF5-BA07-DC209DB49935} = {22E915C1-51AF-4F31-9900-617CE6D04CC3}
		{30136C61-3A2A-4955-8F8D-E490A7787655} = {22E915C1-51AF-4F31-9900-617CE6D04CC3}
		{81787C25-F06B-4FF0-97E0-E16931E7DA9A} = {22E915C1-51AF-4F31-9900-617CE6D04CC3}
		{7743FB14-6ED1-46BB-A816-29D3B0852F2D} = {22E915C1-51AF-4F31-9900-617CE6D04CC3}
		{35CB4498-ABDF-4152-89FA-21BBC7C66ACA} = {22E915C1-51AF-4F31-9900-617CE6D04CC3}
		{73680909-CC8E-4CC3-96E3-CBFA5E3D032A} = {22E915C1-51AF-4F31-9900-617CE6D04CC3}
		{1B384643-3FC9-4FB0-923C-314ECEDFBE4B} = {22E915C1-51AF-4F31-9900-617CE6D04CC3}
		{244C4917-7166-43AD-B070-08E2D93184F0} = {22E915C1-51AF-4F31-9900-617CE6D04CC3}
		{CBA5762B-D00D-45AB-A9A9-55A26A33A025} = {22E915C1-51AF-4F31-9900-617CE6D04CC3}
		{89D3D63B-754C-4AB1-86C1-EB70E4E8545F} = {22E915C1-51AF-4F31-9900-617CE6D04CC3}
		{B25E2834-7DBD-417B-8584-E055F65DAC33} = {22E915C1-51AF-4F31-9900-617CE6D04CC3}
		{F484738F-4A24-418A-BAED-4F496A33EB70} = {1B89572E-5A97-49B9-A03D-5C8FE736A6C4}
		{FE7F5EC6-5C78-44B2-9FA0-52358BF131D7} = {22E915C1-51AF-4F31-9900-617CE6D04CC3}
		{EE1868F2-6A14-41E7-9FD0-8D396773159F} = {D71BA92B-27FA-41AF-A395-0EB1CEA9EA37}
		{83F31113-42AF-4DFB-947B-A4F78E93A083} = {1B89572E-5A97-49B9-A03D-5C8FE736A6C4}
	EndGlobalSection
	GlobalSection(ExtensibilityGlobals) = postSolution
		SolutionGuid = {87615F59-7699-4480-89A6-75F0B9529D0B}
	EndGlobalSection
EndGlobal
