
Microsoft Visual Studio Solution File, Format Version 12.00
# Visual Studio Version 16
VisualStudioVersion = 16.0.30803.129
MinimumVisualStudioVersion = 10.0.40219.1
Project("{2150E333-8FDC-42A3-9474-1A3956D46DE8}") = "Core", "Core", "{22E915C1-51AF-4F31-9900-617CE6D04CC3}"
EndProject
Project("{2150E333-8FDC-42A3-9474-1A3956D46DE8}") = "Mods", "Mods", "{D71BA92B-27FA-41AF-A395-0EB1CEA9EA37}"
EndProject
Project("{9A19103F-16F7-4668-BE54-9A1E7A4F7556}") = "VintageMods.Mods.Sandbox", "VintageMods.Mods.Sandbox\VintageMods.Mods.Sandbox.csproj", "{B7B664BE-F550-4D97-B6D5-90F5CF9AA63A}"
EndProject
Project("{9A19103F-16F7-4668-BE54-9A1E7A4F7556}") = "VintageMods.Mods.EnvironmentalTweaks", "VintageMods.Mods.EnvironmentalTweaks\VintageMods.Mods.EnvironmentalTweaks.csproj", "{37D8D74B-5B8C-4745-96F1-9B64F633ED9E}"
EndProject
Project("{9A19103F-16F7-4668-BE54-9A1E7A4F7556}") = "VintageMods.Mods.WaypointExtensions", "VintageMods.Mods.WaypointExtensions\VintageMods.Mods.WaypointExtensions.csproj", "{431650E1-78BD-4FE9-A0A8-2668023DA374}"
EndProject
Project("{9A19103F-16F7-4668-BE54-9A1E7A4F7556}") = "VintageMods.Mods.CinematicCamStudio", "VintageMods.Mods.CinematicCamStudio\VintageMods.Mods.CinematicCamStudio.csproj", "{DDA4C852-DAE1-40FA-A2BF-A3458F1B8894}"
EndProject
Project("{2150E333-8FDC-42A3-9474-1A3956D46DE8}") = "Solution Items", "Solution Items", "{77C14A47-AE4F-413C-B059-592543EB29E1}"
	ProjectSection(SolutionItems) = preProject
		.editorconfig = .editorconfig
		.gitignore = .gitignore
		Directory.Build.props = Directory.Build.props
	EndProjectSection
EndProject
Project("{9A19103F-16F7-4668-BE54-9A1E7A4F7556}") = "VintageMods.Core.MemoryAdaptor", "VintageMods.Core.MemoryAdaptor\VintageMods.Core.MemoryAdaptor.csproj", "{1B384643-3FC9-4FB0-923C-314ECEDFBE4B}"
EndProject
Project("{2150E333-8FDC-42A3-9474-1A3956D46DE8}") = "Tools", "Tools", "{1B89572E-5A97-49B9-A03D-5C8FE736A6C4}"
EndProject
Project("{9A19103F-16F7-4668-BE54-9A1E7A4F7556}") = "VintageMods.Tools.ModPackager", "VintageMods.Tools.ModPackager\VintageMods.Tools.ModPackager.csproj", "{F484738F-4A24-418A-BAED-4F496A33EB70}"
EndProject
Project("{2150E333-8FDC-42A3-9474-1A3956D46DE8}") = "Boilerplate Files", "Boilerplate Files", "{0161BA6F-EA31-4BE4-89DD-2657973BBD37}"
	ProjectSection(SolutionItems) = preProject
		.gitkeep = .gitkeep
		LICENCE.md = LICENCE.md
		modinfo.json = modinfo.json
	EndProjectSection
EndProject
Project("{2150E333-8FDC-42A3-9474-1A3956D46DE8}") = "Issue Templates", "Issue Templates", "{88E39749-272C-4484-B03B-CD67DBD5F6E8}"
	ProjectSection(SolutionItems) = preProject
		.github\ISSUE_TEMPLATE\bug-report.md = .github\ISSUE_TEMPLATE\bug-report.md
		.github\ISSUE_TEMPLATE\feature-request.md = .github\ISSUE_TEMPLATE\feature-request.md
	EndProjectSection
EndProject
Project("{9A19103F-16F7-4668-BE54-9A1E7A4F7556}") = "VintageMods.Core", "VintageMods.Core\VintageMods.Core.csproj", "{5BCF4C0E-3B42-4703-944E-762AD14DEC37}"
EndProject
Project("{FAE04EC0-301F-11D3-BF4B-00C04F79EFBC}") = "VintageMods.Tools.GameLauncher", "VintageMods.Tools.GameLauncher\VintageMods.Tools.GameLauncher.csproj", "{D1BD4A0A-6595-4D72-9B09-9CEC49D2246C}"
	ProjectSection(ProjectDependencies) = postProject
		{37D8D74B-5B8C-4745-96F1-9B64F633ED9E} = {37D8D74B-5B8C-4745-96F1-9B64F633ED9E}
		{DDA4C852-DAE1-40FA-A2BF-A3458F1B8894} = {DDA4C852-DAE1-40FA-A2BF-A3458F1B8894}
		{B7B664BE-F550-4D97-B6D5-90F5CF9AA63A} = {B7B664BE-F550-4D97-B6D5-90F5CF9AA63A}
		{431650E1-78BD-4FE9-A0A8-2668023DA374} = {431650E1-78BD-4FE9-A0A8-2668023DA374}
	EndProjectSection
EndProject
Project("{2150E333-8FDC-42A3-9474-1A3956D46DE8}") = "FodyWeavers", "FodyWeavers", "{5D266B6A-A92F-4894-BCD9-392DC89C09AC}"
	ProjectSection(SolutionItems) = preProject
		FodyWeavers.xml = FodyWeavers.xml
		FodyWeavers.xsd = FodyWeavers.xsd
	EndProjectSection
EndProject
Project("{2150E333-8FDC-42A3-9474-1A3956D46DE8}") = "Documentation", "Documentation", "{8F8F6B7F-5479-4B41-8645-B4D1C59793DB}"
	ProjectSection(SolutionItems) = preProject
		README.md = README.md
	EndProjectSection
EndProject
Project("{FAE04EC0-301F-11D3-BF4B-00C04F79EFBC}") = "VintageMods.Core.LegacyCode", "VintageMods.Core.LegacyCode\VintageMods.Core.LegacyCode.csproj", "{49CB6B9F-1CB6-4C15-A43D-783A98C7D83F}"
EndProject
Global
	GlobalSection(SolutionConfigurationPlatforms) = preSolution
		Debug + Flatworld|Any CPU = Debug + Flatworld|Any CPU
		Debug|Any CPU = Debug|Any CPU
		FastBuild|Any CPU = FastBuild|Any CPU
		Release|Any CPU = Release|Any CPU
	EndGlobalSection
	GlobalSection(ProjectConfigurationPlatforms) = postSolution
		{B7B664BE-F550-4D97-B6D5-90F5CF9AA63A}.Debug + Flatworld|Any CPU.ActiveCfg = Debug|Any CPU
		{B7B664BE-F550-4D97-B6D5-90F5CF9AA63A}.Debug + Flatworld|Any CPU.Build.0 = Debug|Any CPU
		{B7B664BE-F550-4D97-B6D5-90F5CF9AA63A}.Debug|Any CPU.ActiveCfg = Debug|Any CPU
		{B7B664BE-F550-4D97-B6D5-90F5CF9AA63A}.Debug|Any CPU.Build.0 = Debug|Any CPU
		{B7B664BE-F550-4D97-B6D5-90F5CF9AA63A}.FastBuild|Any CPU.ActiveCfg = Debug|Any CPU
		{B7B664BE-F550-4D97-B6D5-90F5CF9AA63A}.FastBuild|Any CPU.Build.0 = Debug|Any CPU
		{B7B664BE-F550-4D97-B6D5-90F5CF9AA63A}.Release|Any CPU.ActiveCfg = Release|Any CPU
		{B7B664BE-F550-4D97-B6D5-90F5CF9AA63A}.Release|Any CPU.Build.0 = Release|Any CPU
		{37D8D74B-5B8C-4745-96F1-9B64F633ED9E}.Debug + Flatworld|Any CPU.ActiveCfg = Debug|Any CPU
		{37D8D74B-5B8C-4745-96F1-9B64F633ED9E}.Debug + Flatworld|Any CPU.Build.0 = Debug|Any CPU
		{37D8D74B-5B8C-4745-96F1-9B64F633ED9E}.Debug|Any CPU.ActiveCfg = Debug|Any CPU
		{37D8D74B-5B8C-4745-96F1-9B64F633ED9E}.Debug|Any CPU.Build.0 = Debug|Any CPU
		{37D8D74B-5B8C-4745-96F1-9B64F633ED9E}.FastBuild|Any CPU.ActiveCfg = Debug|Any CPU
		{37D8D74B-5B8C-4745-96F1-9B64F633ED9E}.FastBuild|Any CPU.Build.0 = Debug|Any CPU
		{37D8D74B-5B8C-4745-96F1-9B64F633ED9E}.Release|Any CPU.ActiveCfg = Release|Any CPU
		{37D8D74B-5B8C-4745-96F1-9B64F633ED9E}.Release|Any CPU.Build.0 = Release|Any CPU
		{431650E1-78BD-4FE9-A0A8-2668023DA374}.Debug + Flatworld|Any CPU.ActiveCfg = Debug|Any CPU
		{431650E1-78BD-4FE9-A0A8-2668023DA374}.Debug + Flatworld|Any CPU.Build.0 = Debug|Any CPU
		{431650E1-78BD-4FE9-A0A8-2668023DA374}.Debug|Any CPU.ActiveCfg = Debug|Any CPU
		{431650E1-78BD-4FE9-A0A8-2668023DA374}.Debug|Any CPU.Build.0 = Debug|Any CPU
		{431650E1-78BD-4FE9-A0A8-2668023DA374}.FastBuild|Any CPU.ActiveCfg = Debug|Any CPU
		{431650E1-78BD-4FE9-A0A8-2668023DA374}.FastBuild|Any CPU.Build.0 = Debug|Any CPU
		{431650E1-78BD-4FE9-A0A8-2668023DA374}.Release|Any CPU.ActiveCfg = Release|Any CPU
		{431650E1-78BD-4FE9-A0A8-2668023DA374}.Release|Any CPU.Build.0 = Release|Any CPU
		{DDA4C852-DAE1-40FA-A2BF-A3458F1B8894}.Debug + Flatworld|Any CPU.ActiveCfg = Debug|Any CPU
		{DDA4C852-DAE1-40FA-A2BF-A3458F1B8894}.Debug + Flatworld|Any CPU.Build.0 = Debug|Any CPU
		{DDA4C852-DAE1-40FA-A2BF-A3458F1B8894}.Debug|Any CPU.ActiveCfg = Debug|Any CPU
		{DDA4C852-DAE1-40FA-A2BF-A3458F1B8894}.Debug|Any CPU.Build.0 = Debug|Any CPU
		{DDA4C852-DAE1-40FA-A2BF-A3458F1B8894}.FastBuild|Any CPU.ActiveCfg = Debug|Any CPU
		{DDA4C852-DAE1-40FA-A2BF-A3458F1B8894}.FastBuild|Any CPU.Build.0 = Debug|Any CPU
		{DDA4C852-DAE1-40FA-A2BF-A3458F1B8894}.Release|Any CPU.ActiveCfg = Release|Any CPU
		{DDA4C852-DAE1-40FA-A2BF-A3458F1B8894}.Release|Any CPU.Build.0 = Release|Any CPU
		{1B384643-3FC9-4FB0-923C-314ECEDFBE4B}.Debug + Flatworld|Any CPU.ActiveCfg = Debug|Any CPU
		{1B384643-3FC9-4FB0-923C-314ECEDFBE4B}.Debug + Flatworld|Any CPU.Build.0 = Debug|Any CPU
		{1B384643-3FC9-4FB0-923C-314ECEDFBE4B}.Debug|Any CPU.ActiveCfg = Debug|Any CPU
		{1B384643-3FC9-4FB0-923C-314ECEDFBE4B}.Debug|Any CPU.Build.0 = Debug|Any CPU
		{1B384643-3FC9-4FB0-923C-314ECEDFBE4B}.FastBuild|Any CPU.ActiveCfg = Debug|Any CPU
		{1B384643-3FC9-4FB0-923C-314ECEDFBE4B}.FastBuild|Any CPU.Build.0 = Debug|Any CPU
		{1B384643-3FC9-4FB0-923C-314ECEDFBE4B}.Release|Any CPU.ActiveCfg = Release|Any CPU
		{1B384643-3FC9-4FB0-923C-314ECEDFBE4B}.Release|Any CPU.Build.0 = Release|Any CPU
		{F484738F-4A24-418A-BAED-4F496A33EB70}.Debug + Flatworld|Any CPU.ActiveCfg = Debug|Any CPU
		{F484738F-4A24-418A-BAED-4F496A33EB70}.Debug + Flatworld|Any CPU.Build.0 = Debug|Any CPU
		{F484738F-4A24-418A-BAED-4F496A33EB70}.Debug|Any CPU.ActiveCfg = Debug|Any CPU
		{F484738F-4A24-418A-BAED-4F496A33EB70}.Debug|Any CPU.Build.0 = Debug|Any CPU
		{F484738F-4A24-418A-BAED-4F496A33EB70}.FastBuild|Any CPU.ActiveCfg = Debug|Any CPU
		{F484738F-4A24-418A-BAED-4F496A33EB70}.FastBuild|Any CPU.Build.0 = Debug|Any CPU
		{F484738F-4A24-418A-BAED-4F496A33EB70}.Release|Any CPU.ActiveCfg = Release|Any CPU
		{F484738F-4A24-418A-BAED-4F496A33EB70}.Release|Any CPU.Build.0 = Release|Any CPU
		{5BCF4C0E-3B42-4703-944E-762AD14DEC37}.Debug + Flatworld|Any CPU.ActiveCfg = Debug|Any CPU
		{5BCF4C0E-3B42-4703-944E-762AD14DEC37}.Debug + Flatworld|Any CPU.Build.0 = Debug|Any CPU
		{5BCF4C0E-3B42-4703-944E-762AD14DEC37}.Debug|Any CPU.ActiveCfg = Debug|Any CPU
		{5BCF4C0E-3B42-4703-944E-762AD14DEC37}.Debug|Any CPU.Build.0 = Debug|Any CPU
		{5BCF4C0E-3B42-4703-944E-762AD14DEC37}.FastBuild|Any CPU.ActiveCfg = Debug|Any CPU
		{5BCF4C0E-3B42-4703-944E-762AD14DEC37}.FastBuild|Any CPU.Build.0 = Debug|Any CPU
		{5BCF4C0E-3B42-4703-944E-762AD14DEC37}.Release|Any CPU.ActiveCfg = Release|Any CPU
		{5BCF4C0E-3B42-4703-944E-762AD14DEC37}.Release|Any CPU.Build.0 = Release|Any CPU
		{D1BD4A0A-6595-4D72-9B09-9CEC49D2246C}.Debug + Flatworld|Any CPU.ActiveCfg = Debug|Any CPU
		{D1BD4A0A-6595-4D72-9B09-9CEC49D2246C}.Debug + Flatworld|Any CPU.Build.0 = Debug|Any CPU
		{D1BD4A0A-6595-4D72-9B09-9CEC49D2246C}.Debug|Any CPU.ActiveCfg = Debug|Any CPU
		{D1BD4A0A-6595-4D72-9B09-9CEC49D2246C}.Debug|Any CPU.Build.0 = Debug|Any CPU
		{D1BD4A0A-6595-4D72-9B09-9CEC49D2246C}.FastBuild|Any CPU.ActiveCfg = Debug|Any CPU
		{D1BD4A0A-6595-4D72-9B09-9CEC49D2246C}.FastBuild|Any CPU.Build.0 = Debug|Any CPU
		{D1BD4A0A-6595-4D72-9B09-9CEC49D2246C}.Release|Any CPU.ActiveCfg = Release|Any CPU
		{D1BD4A0A-6595-4D72-9B09-9CEC49D2246C}.Release|Any CPU.Build.0 = Release|Any CPU
		{49CB6B9F-1CB6-4C15-A43D-783A98C7D83F}.Debug + Flatworld|Any CPU.ActiveCfg = Debug|Any CPU
		{49CB6B9F-1CB6-4C15-A43D-783A98C7D83F}.Debug + Flatworld|Any CPU.Build.0 = Debug|Any CPU
		{49CB6B9F-1CB6-4C15-A43D-783A98C7D83F}.Debug|Any CPU.ActiveCfg = Debug|Any CPU
		{49CB6B9F-1CB6-4C15-A43D-783A98C7D83F}.Debug|Any CPU.Build.0 = Debug|Any CPU
		{49CB6B9F-1CB6-4C15-A43D-783A98C7D83F}.FastBuild|Any CPU.ActiveCfg = Debug|Any CPU
		{49CB6B9F-1CB6-4C15-A43D-783A98C7D83F}.FastBuild|Any CPU.Build.0 = Debug|Any CPU
		{49CB6B9F-1CB6-4C15-A43D-783A98C7D83F}.Release|Any CPU.ActiveCfg = Release|Any CPU
		{49CB6B9F-1CB6-4C15-A43D-783A98C7D83F}.Release|Any CPU.Build.0 = Release|Any CPU
	EndGlobalSection
	GlobalSection(SolutionProperties) = preSolution
		HideSolutionNode = FALSE
	EndGlobalSection
	GlobalSection(NestedProjects) = preSolution
		{B7B664BE-F550-4D97-B6D5-90F5CF9AA63A} = {D71BA92B-27FA-41AF-A395-0EB1CEA9EA37}
		{37D8D74B-5B8C-4745-96F1-9B64F633ED9E} = {D71BA92B-27FA-41AF-A395-0EB1CEA9EA37}
		{431650E1-78BD-4FE9-A0A8-2668023DA374} = {D71BA92B-27FA-41AF-A395-0EB1CEA9EA37}
		{DDA4C852-DAE1-40FA-A2BF-A3458F1B8894} = {D71BA92B-27FA-41AF-A395-0EB1CEA9EA37}
		{1B384643-3FC9-4FB0-923C-314ECEDFBE4B} = {22E915C1-51AF-4F31-9900-617CE6D04CC3}
		{F484738F-4A24-418A-BAED-4F496A33EB70} = {1B89572E-5A97-49B9-A03D-5C8FE736A6C4}
		{0161BA6F-EA31-4BE4-89DD-2657973BBD37} = {77C14A47-AE4F-413C-B059-592543EB29E1}
		{88E39749-272C-4484-B03B-CD67DBD5F6E8} = {77C14A47-AE4F-413C-B059-592543EB29E1}
		{5BCF4C0E-3B42-4703-944E-762AD14DEC37} = {22E915C1-51AF-4F31-9900-617CE6D04CC3}
		{D1BD4A0A-6595-4D72-9B09-9CEC49D2246C} = {1B89572E-5A97-49B9-A03D-5C8FE736A6C4}
		{5D266B6A-A92F-4894-BCD9-392DC89C09AC} = {77C14A47-AE4F-413C-B059-592543EB29E1}
		{8F8F6B7F-5479-4B41-8645-B4D1C59793DB} = {77C14A47-AE4F-413C-B059-592543EB29E1}
		{49CB6B9F-1CB6-4C15-A43D-783A98C7D83F} = {22E915C1-51AF-4F31-9900-617CE6D04CC3}
	EndGlobalSection
	GlobalSection(ExtensibilityGlobals) = postSolution
		SolutionGuid = {87615F59-7699-4480-89A6-75F0B9529D0B}
	EndGlobalSection
EndGlobal
